
Microsoft Visual Studio Solution File, Format Version 12.00
# Visual Studio Version 17
VisualStudioVersion = 17.14.36408.4
MinimumVisualStudioVersion = 10.0.40219.1
Project("{888888A0-9F3D-457C-B088-3A5042F75D52}") = "D385_PA_OA_Practice", "D385_PA_OA_Practice\D385_PA_OA_Practice.pyproj", "{B2F04F85-ADF1-465F-A3CC-B126DF5DB2D1}"
EndProject
Project("{888888A0-9F3D-457C-B088-3A5042F75D52}") = "CheckaNullSettingUsingAssertions", "CheckaNullSettingUsingAssertions\CheckaNullSettingUsingAssertions.pyproj", "{C06D288E-687C-4D6F-A363-0B3F4DF33768}"
EndProject
Project("{888888A0-9F3D-457C-B088-3A5042F75D52}") = "SecureCodewithTemplateClass", "SecureCodewithTemplateClass\SecureCodewithTemplateClass.pyproj", "{2EEBF6F8-03BD-42E3-9405-889E2C3EF26E}"
EndProject
Project("{888888A0-9F3D-457C-B088-3A5042F75D52}") = "RateLimiting", "RateLimiting\RateLimiting.pyproj", "{1024EA92-4EA7-48B3-BF45-FCD249B18B04}"
EndProject
Project("{888888A0-9F3D-457C-B088-3A5042F75D52}") = "AssertionStatements", "AssertionStatements\AssertionStatements.pyproj", "{0D97E97F-9A6D-4367-90B5-EA7F8E4BAE72}"
EndProject
Project("{888888A0-9F3D-457C-B088-3A5042F75D52}") = "CheckDatatoVerifyValuesNull", "CheckDatatoVerifyValuesNull\CheckDatatoVerifyValuesNull.pyproj", "{CE6C01DC-6763-411C-A399-52B2417F72DC}"
EndProject
Project("{888888A0-9F3D-457C-B088-3A5042F75D52}") = "Hashlib", "Hashlib\Hashlib.pyproj", "{F3AF6FE3-676E-4732-990B-AA8A9281261F}"
EndProject
Project("{888888A0-9F3D-457C-B088-3A5042F75D52}") = "ValidateDataforDeserialization", "ValidateDataforDeserialization\ValidateDataforDeserialization.pyproj", "{ADAC393C-1422-4321-B0CF-9A055D7E250F}"
EndProject
Project("{888888A0-9F3D-457C-B088-3A5042F75D52}") = "VerifyDataisValid Numeric", "VerifyDataisValid Numeric\VerifyDataisValid Numeric.pyproj", "{02D91FA9-6D24-46F1-8623-D66ECE56EDBA}"
EndProject
Project("{888888A0-9F3D-457C-B088-3A5042F75D52}") = "VerifyDataisValidLength", "VerifyDataisValidLength\VerifyDataisValidLength.pyproj", "{4F4DED43-2DF5-4E6B-AECE-7927551AD962}"
EndProject
Project("{888888A0-9F3D-457C-B088-3A5042F75D52}") = "VerifyDataisValidrange", "VerifyDataisValidrange\VerifyDataisValidrange.pyproj", "{DF63131F-EE33-44C4-980F-CD00C51CF698}"
EndProject
Project("{888888A0-9F3D-457C-B088-3A5042F75D52}") = "AES_Encryption", "AES_Encryption\AES_Encryption.pyproj", "{F56F26AA-83E3-4794-8EC5-5FF56AA37B9C}"
EndProject
Project("{888888A0-9F3D-457C-B088-3A5042F75D52}") = "LPP", "LPP\LPP.pyproj", "{34D9C83C-BCBD-4604-9D62-07958E4695F1}"
EndProject
Global
	GlobalSection(SolutionConfigurationPlatforms) = preSolution
		Debug|Any CPU = Debug|Any CPU
		Release|Any CPU = Release|Any CPU
	EndGlobalSection
	GlobalSection(ProjectConfigurationPlatforms) = postSolution
		{B2F04F85-ADF1-465F-A3CC-B126DF5DB2D1}.Debug|Any CPU.ActiveCfg = Debug|Any CPU
		{B2F04F85-ADF1-465F-A3CC-B126DF5DB2D1}.Release|Any CPU.ActiveCfg = Release|Any CPU
		{C06D288E-687C-4D6F-A363-0B3F4DF33768}.Debug|Any CPU.ActiveCfg = Debug|Any CPU
		{C06D288E-687C-4D6F-A363-0B3F4DF33768}.Release|Any CPU.ActiveCfg = Release|Any CPU
		{2EEBF6F8-03BD-42E3-9405-889E2C3EF26E}.Debug|Any CPU.ActiveCfg = Debug|Any CPU
		{2EEBF6F8-03BD-42E3-9405-889E2C3EF26E}.Release|Any CPU.ActiveCfg = Release|Any CPU
		{1024EA92-4EA7-48B3-BF45-FCD249B18B04}.Debug|Any CPU.ActiveCfg = Debug|Any CPU
		{1024EA92-4EA7-48B3-BF45-FCD249B18B04}.Release|Any CPU.ActiveCfg = Release|Any CPU
		{0D97E97F-9A6D-4367-90B5-EA7F8E4BAE72}.Debug|Any CPU.ActiveCfg = Debug|Any CPU
		{0D97E97F-9A6D-4367-90B5-EA7F8E4BAE72}.Release|Any CPU.ActiveCfg = Release|Any CPU
		{CE6C01DC-6763-411C-A399-52B2417F72DC}.Debug|Any CPU.ActiveCfg = Debug|Any CPU
		{CE6C01DC-6763-411C-A399-52B2417F72DC}.Release|Any CPU.ActiveCfg = Release|Any CPU
		{F3AF6FE3-676E-4732-990B-AA8A9281261F}.Debug|Any CPU.ActiveCfg = Debug|Any CPU
		{F3AF6FE3-676E-4732-990B-AA8A9281261F}.Release|Any CPU.ActiveCfg = Release|Any CPU
		{ADAC393C-1422-4321-B0CF-9A055D7E250F}.Debug|Any CPU.ActiveCfg = Debug|Any CPU
		{ADAC393C-1422-4321-B0CF-9A055D7E250F}.Release|Any CPU.ActiveCfg = Release|Any CPU
		{02D91FA9-6D24-46F1-8623-D66ECE56EDBA}.Debug|Any CPU.ActiveCfg = Debug|Any CPU
		{02D91FA9-6D24-46F1-8623-D66ECE56EDBA}.Release|Any CPU.ActiveCfg = Release|Any CPU
		{4F4DED43-2DF5-4E6B-AECE-7927551AD962}.Debug|Any CPU.ActiveCfg = Debug|Any CPU
		{4F4DED43-2DF5-4E6B-AECE-7927551AD962}.Release|Any CPU.ActiveCfg = Release|Any CPU
		{DF63131F-EE33-44C4-980F-CD00C51CF698}.Debug|Any CPU.ActiveCfg = Debug|Any CPU
		{DF63131F-EE33-44C4-980F-CD00C51CF698}.Release|Any CPU.ActiveCfg = Release|Any CPU
		{F56F26AA-83E3-4794-8EC5-5FF56AA37B9C}.Debug|Any CPU.ActiveCfg = Debug|Any CPU
		{F56F26AA-83E3-4794-8EC5-5FF56AA37B9C}.Release|Any CPU.ActiveCfg = Release|Any CPU
		{34D9C83C-BCBD-4604-9D62-07958E4695F1}.Debug|Any CPU.ActiveCfg = Debug|Any CPU
		{34D9C83C-BCBD-4604-9D62-07958E4695F1}.Release|Any CPU.ActiveCfg = Release|Any CPU
	EndGlobalSection
	GlobalSection(SolutionProperties) = preSolution
		HideSolutionNode = FALSE
	EndGlobalSection
	GlobalSection(ExtensibilityGlobals) = postSolution
		SolutionGuid = {8B2B7591-2C05-4264-B91B-06E6FBB410DF}
	EndGlobalSection
EndGlobal
