
Microsoft Visual Studio Solution File, Format Version 12.00
# Visual Studio Version 17
VisualStudioVersion = 17.14.36408.4 d17.14
MinimumVisualStudioVersion = 10.0.40219.1
Project("{888888A0-9F3D-457C-B088-3A5042F75D52}") = "D385_PA_OA_Practice", "D385_PA_OA_Practice\D385_PA_OA_Practice.pyproj", "{B2F04F85-ADF1-465F-A3CC-B126DF5DB2D1}"
EndProject
Global
	GlobalSection(SolutionConfigurationPlatforms) = preSolution
		Debug|Any CPU = Debug|Any CPU
		Release|Any CPU = Release|Any CPU
	EndGlobalSection
	GlobalSection(ProjectConfigurationPlatforms) = postSolution
		{B2F04F85-ADF1-465F-A3CC-B126DF5DB2D1}.Debug|Any CPU.ActiveCfg = Debug|Any CPU
		{B2F04F85-ADF1-465F-A3CC-B126DF5DB2D1}.Release|Any CPU.ActiveCfg = Release|Any CPU
	EndGlobalSection
	GlobalSection(SolutionProperties) = preSolution
		HideSolutionNode = FALSE
	EndGlobalSection
	GlobalSection(ExtensibilityGlobals) = postSolution
		SolutionGuid = {8B2B7591-2C05-4264-B91B-06E6FBB410DF}
	EndGlobalSection
EndGlobal
